
Microsoft Visual Studio Solution File, Format Version 12.00
# Visual Studio Version 17
VisualStudioVersion = 17.4.33213.308
MinimumVisualStudioVersion = 10.0.40219.1
Project("{FAE04EC0-301F-11D3-BF4B-00C04F79EFBC}") = "backend.API", "backend.API\backend.API.csproj", "{2227062E-B2C5-46E9-8C6C-4251BF5E909E}"
EndProject
Project("{FAE04EC0-301F-11D3-BF4B-00C04F79EFBC}") = "backend.BLL", "BLL\backend.BLL.csproj", "{C0CE3114-0310-4565-9DEF-57F21AAAA556}"
EndProject
Project("{FAE04EC0-301F-11D3-BF4B-00C04F79EFBC}") = "backend.DAL", "DAL\backend.DAL.csproj", "{F294845E-36DF-4BB6-8B8C-9A7FD71C27E3}"
EndProject
Global
	GlobalSection(SolutionConfigurationPlatforms) = preSolution
		Debug|Any CPU = Debug|Any CPU
		Release|Any CPU = Release|Any CPU
	EndGlobalSection
	GlobalSection(ProjectConfigurationPlatforms) = postSolution
		{2227062E-B2C5-46E9-8C6C-4251BF5E909E}.Debug|Any CPU.ActiveCfg = Debug|Any CPU
		{2227062E-B2C5-46E9-8C6C-4251BF5E909E}.Debug|Any CPU.Build.0 = Debug|Any CPU
		{2227062E-B2C5-46E9-8C6C-4251BF5E909E}.Release|Any CPU.ActiveCfg = Release|Any CPU
		{2227062E-B2C5-46E9-8C6C-4251BF5E909E}.Release|Any CPU.Build.0 = Release|Any CPU
		{C0CE3114-0310-4565-9DEF-57F21AAAA556}.Debug|Any CPU.ActiveCfg = Debug|Any CPU
		{C0CE3114-0310-4565-9DEF-57F21AAAA556}.Debug|Any CPU.Build.0 = Debug|Any CPU
		{C0CE3114-0310-4565-9DEF-57F21AAAA556}.Release|Any CPU.ActiveCfg = Release|Any CPU
		{C0CE3114-0310-4565-9DEF-57F21AAAA556}.Release|Any CPU.Build.0 = Release|Any CPU
		{F294845E-36DF-4BB6-8B8C-9A7FD71C27E3}.Debug|Any CPU.ActiveCfg = Debug|Any CPU
		{F294845E-36DF-4BB6-8B8C-9A7FD71C27E3}.Debug|Any CPU.Build.0 = Debug|Any CPU
		{F294845E-36DF-4BB6-8B8C-9A7FD71C27E3}.Release|Any CPU.ActiveCfg = Release|Any CPU
		{F294845E-36DF-4BB6-8B8C-9A7FD71C27E3}.Release|Any CPU.Build.0 = Release|Any CPU
	EndGlobalSection
	GlobalSection(SolutionProperties) = preSolution
		HideSolutionNode = FALSE
	EndGlobalSection
	GlobalSection(ExtensibilityGlobals) = postSolution
		SolutionGuid = {C7A6D98A-8D60-45F5-8235-53EDCE94666A}
	EndGlobalSection
EndGlobal
